
Microsoft Visual Studio Solution File, Format Version 10.00
# Visual Studio 2008
Project("{8BC9CEB8-8B4A-11D0-8D11-00A0C91BC942}") = "init", "init\init.vcproj", "{D863978C-20DA-4DDD-B669-4A90B79A1186}"
EndProject
Global
	GlobalSection(SolutionConfigurationPlatforms) = preSolution
		Debug|Win32 = Debug|Win32
		Release|Win32 = Release|Win32
	EndGlobalSection
	GlobalSection(ProjectConfigurationPlatforms) = postSolution
		{D863978C-20DA-4DDD-B669-4A90B79A1186}.Debug|Win32.ActiveCfg = Debug|Win32
		{D863978C-20DA-4DDD-B669-4A90B79A1186}.Debug|Win32.Build.0 = Debug|Win32
		{D863978C-20DA-4DDD-B669-4A90B79A1186}.Release|Win32.ActiveCfg = Release|Win32
		{D863978C-20DA-4DDD-B669-4A90B79A1186}.Release|Win32.Build.0 = Release|Win32
	EndGlobalSection
	GlobalSection(SolutionProperties) = preSolution
		HideSolutionNode = FALSE
	EndGlobalSection
EndGlobal
